
Microsoft Visual Studio Solution File, Format Version 12.00
# Visual Studio Version 17
VisualStudioVersion = 17.14.37111.16 d17.14
MinimumVisualStudioVersion = 10.0.40219.1
Project("{C9674DCB-5085-4A16-B785-4C70DD1589BD}") = "new", "new\new.dtproj", "{2F5F6879-6E46-68BC-6E46-15D2B0797A3D}"
EndProject
Global
	GlobalSection(SolutionConfigurationPlatforms) = preSolution
		Development|Default = Development|Default
	EndGlobalSection
	GlobalSection(ProjectConfigurationPlatforms) = postSolution
		{2F5F6879-6E46-68BC-6E46-15D2B0797A3D}.Development|Default.ActiveCfg = Development
		{2F5F6879-6E46-68BC-6E46-15D2B0797A3D}.Development|Default.Build.0 = Development
	EndGlobalSection
	GlobalSection(SolutionProperties) = preSolution
		HideSolutionNode = FALSE
	EndGlobalSection
	GlobalSection(ExtensibilityGlobals) = postSolution
		SolutionGuid = {2C4664EB-407E-427B-8C6E-0D35E796BC1D}
	EndGlobalSection
EndGlobal
